
Microsoft Visual Studio Solution File, Format Version 12.00
# Visual Studio Version 17
VisualStudioVersion = 17.14.36623.8
MinimumVisualStudioVersion = 10.0.40219.1
Project("{FAE04EC0-301F-11D3-BF4B-00C04F79EFBC}") = "EnergyUsageSystem", "EnergyUsageSystem.csproj", "{44238650-DD20-4ADA-83FA-1352BEC563FF}"
EndProject
Project("{FAE04EC0-301F-11D3-BF4B-00C04F79EFBC}") = "EnergyUsageSystem.Tests", "..\EnergyUsageSystem.Tests\EnergyUsageSystem.Tests.csproj", "{7AB055C9-66EA-4E72-B5B0-7F5AFADCF0CD}"
EndProject
Global
	GlobalSection(SolutionConfigurationPlatforms) = preSolution
		Debug|Any CPU = Debug|Any CPU
		Release|Any CPU = Release|Any CPU
	EndGlobalSection
	GlobalSection(ProjectConfigurationPlatforms) = postSolution
		{44238650-DD20-4ADA-83FA-1352BEC563FF}.Debug|Any CPU.ActiveCfg = Debug|Any CPU
		{44238650-DD20-4ADA-83FA-1352BEC563FF}.Debug|Any CPU.Build.0 = Debug|Any CPU
		{44238650-DD20-4ADA-83FA-1352BEC563FF}.Release|Any CPU.ActiveCfg = Release|Any CPU
		{44238650-DD20-4ADA-83FA-1352BEC563FF}.Release|Any CPU.Build.0 = Release|Any CPU
		{7AB055C9-66EA-4E72-B5B0-7F5AFADCF0CD}.Debug|Any CPU.ActiveCfg = Debug|Any CPU
		{7AB055C9-66EA-4E72-B5B0-7F5AFADCF0CD}.Debug|Any CPU.Build.0 = Debug|Any CPU
		{7AB055C9-66EA-4E72-B5B0-7F5AFADCF0CD}.Release|Any CPU.ActiveCfg = Release|Any CPU
		{7AB055C9-66EA-4E72-B5B0-7F5AFADCF0CD}.Release|Any CPU.Build.0 = Release|Any CPU
	EndGlobalSection
	GlobalSection(SolutionProperties) = preSolution
		HideSolutionNode = FALSE
	EndGlobalSection
	GlobalSection(ExtensibilityGlobals) = postSolution
		SolutionGuid = {7A452C10-AC07-402E-8C4A-ECBEED081A66}
	EndGlobalSection
EndGlobal
